// !$*UTF8*$!
{
	archiveVersion = 1;
	classes = {
	};
	objectVersion = 46;
	objects = {

/* Begin PBXBuildFile section */
		801896C41DF949270086D971 /* XibHeader.m in Sources */ = {isa = PBXBuildFile; fileRef = 801896C31DF949270086D971 /* XibHeader.m */; };
		801896C61DF9493D0086D971 /* XibHeader.xib in Resources */ = {isa = PBXBuildFile; fileRef = 801896C51DF9493D0086D971 /* XibHeader.xib */; };
		801896C91DF94C170086D971 /* XibTableViewController.m in Sources */ = {isa = PBXBuildFile; fileRef = 801896C81DF94C170086D971 /* XibTableViewController.m */; };
		808AB6621DF7A6BA007E0382 /* TableViewController.m in Sources */ = {isa = PBXBuildFile; fileRef = 808AB6611DF7A6BA007E0382 /* TableViewController.m */; };
		808AB6681DF7B2E0007E0382 /* ScrollViewController.m in Sources */ = {isa = PBXBuildFile; fileRef = 808AB6671DF7B2E0007E0382 /* ScrollViewController.m */; };
		808AB66B1DF7E9E5007E0382 /* NAVViewController.m in Sources */ = {isa = PBXBuildFile; fileRef = 808AB66A1DF7E9E5007E0382 /* NAVViewController.m */; };
		808AB66E1DF7EE09007E0382 /* TabBarController.m in Sources */ = {isa = PBXBuildFile; fileRef = 808AB66D1DF7EE09007E0382 /* TabBarController.m */; };
		8095EA031DF6B6ED00E0F037 /* main.m in Sources */ = {isa = PBXBuildFile; fileRef = 8095EA021DF6B6ED00E0F037 /* main.m */; };
		8095EA061DF6B6ED00E0F037 /* AppDelegate.m in Sources */ = {isa = PBXBuildFile; fileRef = 8095EA051DF6B6ED00E0F037 /* AppDelegate.m */; };
		8095EA091DF6B6ED00E0F037 /* ViewController.m in Sources */ = {isa = PBXBuildFile; fileRef = 8095EA081DF6B6ED00E0F037 /* ViewController.m */; };
		8095EA0E1DF6B6ED00E0F037 /* Assets.xcassets in Resources */ = {isa = PBXBuildFile; fileRef = 8095EA0D1DF6B6ED00E0F037 /* Assets.xcassets */; };
		8095EA111DF6B6ED00E0F037 /* LaunchScreen.storyboard in Resources */ = {isa = PBXBuildFile; fileRef = 8095EA0F1DF6B6ED00E0F037 /* LaunchScreen.storyboard */; };
		8095EA1E1DF6B80A00E0F037 /* ZYScaleHeader.m in Sources */ = {isa = PBXBuildFile; fileRef = 8095EA1D1DF6B80A00E0F037 /* ZYScaleHeader.m */; };
/* End PBXBuildFile section */

/* Begin PBXFileReference section */
		801896C21DF949270086D971 /* XibHeader.h */ = {isa = PBXFileReference; fileEncoding = 4; lastKnownFileType = sourcecode.c.h; name = XibHeader.h; path = ../XibHeader.h; sourceTree = "<group>"; };
		801896C31DF949270086D971 /* XibHeader.m */ = {isa = PBXFileReference; fileEncoding = 4; lastKnownFileType = sourcecode.c.objc; name = XibHeader.m; path = ../XibHeader.m; sourceTree = "<group>"; };
		801896C51DF9493D0086D971 /* XibHeader.xib */ = {isa = PBXFileReference; fileEncoding = 4; lastKnownFileType = file.xib; name = XibHeader.xib; path = ../XibHeader.xib; sourceTree = "<group>"; };
		801896C71DF94C170086D971 /* XibTableViewController.h */ = {isa = PBXFileReference; fileEncoding = 4; lastKnownFileType = sourcecode.c.h; path = XibTableViewController.h; sourceTree = "<group>"; };
		801896C81DF94C170086D971 /* XibTableViewController.m */ = {isa = PBXFileReference; fileEncoding = 4; lastKnownFileType = sourcecode.c.objc; path = XibTableViewController.m; sourceTree = "<group>"; };
		808AB6601DF7A6BA007E0382 /* TableViewController.h */ = {isa = PBXFileReference; fileEncoding = 4; lastKnownFileType = sourcecode.c.h; path = TableViewController.h; sourceTree = "<group>"; };
		808AB6611DF7A6BA007E0382 /* TableViewController.m */ = {isa = PBXFileReference; fileEncoding = 4; lastKnownFileType = sourcecode.c.objc; path = TableViewController.m; sourceTree = "<group>"; };
		808AB6661DF7B2E0007E0382 /* ScrollViewController.h */ = {isa = PBXFileReference; fileEncoding = 4; lastKnownFileType = sourcecode.c.h; path = ScrollViewController.h; sourceTree = "<group>"; };
		808AB6671DF7B2E0007E0382 /* ScrollViewController.m */ = {isa = PBXFileReference; fileEncoding = 4; lastKnownFileType = sourcecode.c.objc; path = ScrollViewController.m; sourceTree = "<group>"; };
		808AB6691DF7E9E5007E0382 /* NAVViewController.h */ = {isa = PBXFileReference; fileEncoding = 4; lastKnownFileType = sourcecode.c.h; path = NAVViewController.h; sourceTree = "<group>"; };
		808AB66A1DF7E9E5007E0382 /* NAVViewController.m */ = {isa = PBXFileReference; fileEncoding = 4; lastKnownFileType = sourcecode.c.objc; path = NAVViewController.m; sourceTree = "<group>"; };
		808AB66C1DF7EE09007E0382 /* TabBarController.h */ = {isa = PBXFileReference; fileEncoding = 4; lastKnownFileType = sourcecode.c.h; path = TabBarController.h; sourceTree = "<group>"; };
		808AB66D1DF7EE09007E0382 /* TabBarController.m */ = {isa = PBXFileReference; fileEncoding = 4; lastKnownFileType = sourcecode.c.objc; path = TabBarController.m; sourceTree = "<group>"; };
		8095E9FE1DF6B6ED00E0F037 /* ZYScaleHeaderDemo.app */ = {isa = PBXFileReference; explicitFileType = wrapper.application; includeInIndex = 0; path = ZYScaleHeaderDemo.app; sourceTree = BUILT_PRODUCTS_DIR; };
		8095EA021DF6B6ED00E0F037 /* main.m */ = {isa = PBXFileReference; lastKnownFileType = sourcecode.c.objc; path = main.m; sourceTree = "<group>"; };
		8095EA041DF6B6ED00E0F037 /* AppDelegate.h */ = {isa = PBXFileReference; lastKnownFileType = sourcecode.c.h; path = AppDelegate.h; sourceTree = "<group>"; };
		8095EA051DF6B6ED00E0F037 /* AppDelegate.m */ = {isa = PBXFileReference; lastKnownFileType = sourcecode.c.objc; path = AppDelegate.m; sourceTree = "<group>"; };
		8095EA071DF6B6ED00E0F037 /* ViewController.h */ = {isa = PBXFileReference; lastKnownFileType = sourcecode.c.h; path = ViewController.h; sourceTree = "<group>"; };
		8095EA081DF6B6ED00E0F037 /* ViewController.m */ = {isa = PBXFileReference; lastKnownFileType = sourcecode.c.objc; path = ViewController.m; sourceTree = "<group>"; };
		8095EA0D1DF6B6ED00E0F037 /* Assets.xcassets */ = {isa = PBXFileReference; lastKnownFileType = folder.assetcatalog; path = Assets.xcassets; sourceTree = "<group>"; };
		8095EA101DF6B6ED00E0F037 /* Base */ = {isa = PBXFileReference; lastKnownFileType = file.storyboard; name = Base; path = Base.lproj/LaunchScreen.storyboard; sourceTree = "<group>"; };
		8095EA121DF6B6ED00E0F037 /* Info.plist */ = {isa = PBXFileReference; lastKnownFileType = text.plist.xml; path = Info.plist; sourceTree = "<group>"; };
		8095EA1C1DF6B80A00E0F037 /* ZYScaleHeader.h */ = {isa = PBXFileReference; fileEncoding = 4; lastKnownFileType = sourcecode.c.h; path = ZYScaleHeader.h; sourceTree = "<group>"; };
		8095EA1D1DF6B80A00E0F037 /* ZYScaleHeader.m */ = {isa = PBXFileReference; fileEncoding = 4; lastKnownFileType = sourcecode.c.objc; path = ZYScaleHeader.m; sourceTree = "<group>"; };
/* End PBXFileReference section */

/* Begin PBXFrameworksBuildPhase section */
		8095E9FB1DF6B6ED00E0F037 /* Frameworks */ = {
			isa = PBXFrameworksBuildPhase;
			buildActionMask = 2147483647;
			files = (
			);
			runOnlyForDeploymentPostprocessing = 0;
		};
/* End PBXFrameworksBuildPhase section */

/* Begin PBXGroup section */
		808AB66F1DF7F570007E0382 /* View */ = {
			isa = PBXGroup;
			children = (
				801896C21DF949270086D971 /* XibHeader.h */,
				801896C31DF949270086D971 /* XibHeader.m */,
				801896C51DF9493D0086D971 /* XibHeader.xib */,
			);
			path = View;
			sourceTree = "<group>";
		};
		8095E9F51DF6B6ED00E0F037 = {
			isa = PBXGroup;
			children = (
				8095EA181DF6B79F00E0F037 /* ZYScaleHeader */,
				8095EA001DF6B6ED00E0F037 /* ZYScaleHeaderDemo */,
				8095E9FF1DF6B6ED00E0F037 /* Products */,
			);
			sourceTree = "<group>";
		};
		8095E9FF1DF6B6ED00E0F037 /* Products */ = {
			isa = PBXGroup;
			children = (
				8095E9FE1DF6B6ED00E0F037 /* ZYScaleHeaderDemo.app */,
			);
			name = Products;
			sourceTree = "<group>";
		};
		8095EA001DF6B6ED00E0F037 /* ZYScaleHeaderDemo */ = {
			isa = PBXGroup;
			children = (
				808AB66F1DF7F570007E0382 /* View */,
				8095EA071DF6B6ED00E0F037 /* ViewController.h */,
				8095EA081DF6B6ED00E0F037 /* ViewController.m */,
				808AB6691DF7E9E5007E0382 /* NAVViewController.h */,
				808AB66A1DF7E9E5007E0382 /* NAVViewController.m */,
				808AB6661DF7B2E0007E0382 /* ScrollViewController.h */,
				808AB6671DF7B2E0007E0382 /* ScrollViewController.m */,
				808AB6601DF7A6BA007E0382 /* TableViewController.h */,
				808AB6611DF7A6BA007E0382 /* TableViewController.m */,
				808AB66C1DF7EE09007E0382 /* TabBarController.h */,
				808AB66D1DF7EE09007E0382 /* TabBarController.m */,
				801896C71DF94C170086D971 /* XibTableViewController.h */,
				801896C81DF94C170086D971 /* XibTableViewController.m */,
				8095EA011DF6B6ED00E0F037 /* Supporting Files */,
			);
			path = ZYScaleHeaderDemo;
			sourceTree = "<group>";
		};
		8095EA011DF6B6ED00E0F037 /* Supporting Files */ = {
			isa = PBXGroup;
			children = (
				8095EA0D1DF6B6ED00E0F037 /* Assets.xcassets */,
				8095EA0F1DF6B6ED00E0F037 /* LaunchScreen.storyboard */,
				8095EA121DF6B6ED00E0F037 /* Info.plist */,
				8095EA041DF6B6ED00E0F037 /* AppDelegate.h */,
				8095EA051DF6B6ED00E0F037 /* AppDelegate.m */,
				8095EA021DF6B6ED00E0F037 /* main.m */,
			);
			name = "Supporting Files";
			sourceTree = "<group>";
		};
		8095EA181DF6B79F00E0F037 /* ZYScaleHeader */ = {
			isa = PBXGroup;
			children = (
				8095EA1C1DF6B80A00E0F037 /* ZYScaleHeader.h */,
				8095EA1D1DF6B80A00E0F037 /* ZYScaleHeader.m */,
			);
			path = ZYScaleHeader;
			sourceTree = "<group>";
		};
/* End PBXGroup section */

/* Begin PBXNativeTarget section */
		8095E9FD1DF6B6ED00E0F037 /* ZYScaleHeaderDemo */ = {
			isa = PBXNativeTarget;
			buildConfigurationList = 8095EA151DF6B6ED00E0F037 /* Build configuration list for PBXNativeTarget "ZYScaleHeaderDemo" */;
			buildPhases = (
				8095E9FA1DF6B6ED00E0F037 /* Sources */,
				8095E9FB1DF6B6ED00E0F037 /* Frameworks */,
				8095E9FC1DF6B6ED00E0F037 /* Resources */,
			);
			buildRules = (
			);
			dependencies = (
			);
			name = ZYScaleHeaderDemo;
			productName = ZYScaleHeaderDemo;
			productReference = 8095E9FE1DF6B6ED00E0F037 /* ZYScaleHeaderDemo.app */;
			productType = "com.apple.product-type.application";
		};
/* End PBXNativeTarget section */

/* Begin PBXProject section */
		8095E9F61DF6B6ED00E0F037 /* Project object */ = {
			isa = PBXProject;
			attributes = {
				LastUpgradeCheck = 0810;
				ORGANIZATIONNAME = "任玉祥";
				TargetAttributes = {
					8095E9FD1DF6B6ED00E0F037 = {
						CreatedOnToolsVersion = 8.1;
						DevelopmentTeam = XJPMR8FRF3;
						ProvisioningStyle = Automatic;
					};
				};
			};
			buildConfigurationList = 8095E9F91DF6B6ED00E0F037 /* Build configuration list for PBXProject "ZYScaleHeaderDemo" */;
			compatibilityVersion = "Xcode 3.2";
			developmentRegion = English;
			hasScannedForEncodings = 0;
			knownRegions = (
				en,
				Base,
			);
			mainGroup = 8095E9F51DF6B6ED00E0F037;
			productRefGroup = 8095E9FF1DF6B6ED00E0F037 /* Products */;
			projectDirPath = "";
			projectRoot = "";
			targets = (
				8095E9FD1DF6B6ED00E0F037 /* ZYScaleHeaderDemo */,
			);
		};
/* End PBXProject section */

/* Begin PBXResourcesBuildPhase section */
		8095E9FC1DF6B6ED00E0F037 /* Resources */ = {
			isa = PBXResourcesBuildPhase;
			buildActionMask = 2147483647;
			files = (
				8095EA111DF6B6ED00E0F037 /* LaunchScreen.storyboard in Resources */,
				801896C61DF9493D0086D971 /* XibHeader.xib in Resources */,
				8095EA0E1DF6B6ED00E0F037 /* Assets.xcassets in Resources */,
			);
			runOnlyForDeploymentPostprocessing = 0;
		};
/* End PBXResourcesBuildPhase section */

/* Begin PBXSourcesBuildPhase section */
		8095E9FA1DF6B6ED00E0F037 /* Sources */ = {
			isa = PBXSourcesBuildPhase;
			buildActionMask = 2147483647;
			files = (
				8095EA091DF6B6ED00E0F037 /* ViewController.m in Sources */,
				8095EA061DF6B6ED00E0F037 /* AppDelegate.m in Sources */,
				808AB66B1DF7E9E5007E0382 /* NAVViewController.m in Sources */,
				8095EA1E1DF6B80A00E0F037 /* ZYScaleHeader.m in Sources */,
				808AB6681DF7B2E0007E0382 /* ScrollViewController.m in Sources */,
				808AB66E1DF7EE09007E0382 /* TabBarController.m in Sources */,
				808AB6621DF7A6BA007E0382 /* TableViewController.m in Sources */,
				801896C91DF94C170086D971 /* XibTableViewController.m in Sources */,
				801896C41DF949270086D971 /* XibHeader.m in Sources */,
				8095EA031DF6B6ED00E0F037 /* main.m in Sources */,
			);
			runOnlyForDeploymentPostprocessing = 0;
		};
/* End PBXSourcesBuildPhase section */

/* Begin PBXVariantGroup section */
		8095EA0F1DF6B6ED00E0F037 /* LaunchScreen.storyboard */ = {
			isa = PBXVariantGroup;
			children = (
				8095EA101DF6B6ED00E0F037 /* Base */,
			);
			name = LaunchScreen.storyboard;
			sourceTree = "<group>";
		};
/* End PBXVariantGroup section */

/* Begin XCBuildConfiguration section */
		8095EA131DF6B6ED00E0F037 /* Debug */ = {
			isa = XCBuildConfiguration;
			buildSettings = {
				ALWAYS_SEARCH_USER_PATHS = NO;
				CLANG_ANALYZER_NONNULL = YES;
				CLANG_CXX_LANGUAGE_STANDARD = "gnu++0x";
				CLANG_CXX_LIBRARY = "libc++";
				CLANG_ENABLE_MODULES = YES;
				CLANG_ENABLE_OBJC_ARC = YES;
				CLANG_WARN_BOOL_CONVERSION = YES;
				CLANG_WARN_CONSTANT_CONVERSION = YES;
				CLANG_WARN_DIRECT_OBJC_ISA_USAGE = YES_ERROR;
				CLANG_WARN_DOCUMENTATION_COMMENTS = YES;
				CLANG_WARN_EMPTY_BODY = YES;
				CLANG_WARN_ENUM_CONVERSION = YES;
				CLANG_WARN_INFINITE_RECURSION = YES;
				CLANG_WARN_INT_CONVERSION = YES;
				CLANG_WARN_OBJC_ROOT_CLASS = YES_ERROR;
				CLANG_WARN_SUSPICIOUS_MOVES = YES;
				CLANG_WARN_UNREACHABLE_CODE = YES;
				CLANG_WARN__DUPLICATE_METHOD_MATCH = YES;
				"CODE_SIGN_IDENTITY[sdk=iphoneos*]" = "iPhone Developer";
				COPY_PHASE_STRIP = NO;
				DEBUG_INFORMATION_FORMAT = dwarf;
				ENABLE_STRICT_OBJC_MSGSEND = YES;
				ENABLE_TESTABILITY = YES;
				GCC_C_LANGUAGE_STANDARD = gnu99;
				GCC_DYNAMIC_NO_PIC = NO;
				GCC_NO_COMMON_BLOCKS = YES;
				GCC_OPTIMIZATION_LEVEL = 0;
				GCC_PREPROCESSOR_DEFINITIONS = (
					"DEBUG=1",
					"$(inherited)",
				);
				GCC_WARN_64_TO_32_BIT_CONVERSION = YES;
				GCC_WARN_ABOUT_RETURN_TYPE = YES_ERROR;
				GCC_WARN_UNDECLARED_SELECTOR = YES;
				GCC_WARN_UNINITIALIZED_AUTOS = YES_AGGRESSIVE;
				GCC_WARN_UNUSED_FUNCTION = YES;
				GCC_WARN_UNUSED_VARIABLE = YES;
				IPHONEOS_DEPLOYMENT_TARGET = 8.0;
				MTL_ENABLE_DEBUG_INFO = YES;
				ONLY_ACTIVE_ARCH = YES;
				SDKROOT = iphoneos;
				TARGETED_DEVICE_FAMILY = "1,2";
			};
			name = Debug;
		};
		8095EA141DF6B6ED00E0F037 /* Release */ = {
			isa = XCBuildConfiguration;
			buildSettings = {
				ALWAYS_SEARCH_USER_PATHS = NO;
				CLANG_ANALYZER_NONNULL = YES;
				CLANG_CXX_LANGUAGE_STANDARD = "gnu++0x";
				CLANG_CXX_LIBRARY = "libc++";
				CLANG_ENABLE_MODULES = YES;
				CLANG_ENABLE_OBJC_ARC = YES;
				CLANG_WARN_BOOL_CONVERSION = YES;
				CLANG_WARN_CONSTANT_CONVERSION = YES;
				CLANG_WARN_DIRECT_OBJC_ISA_USAGE = YES_ERROR;
				CLANG_WARN_DOCUMENTATION_COMMENTS = YES;
				CLANG_WARN_EMPTY_BODY = YES;
				CLANG_WARN_ENUM_CONVERSION = YES;
				CLANG_WARN_INFINITE_RECURSION = YES;
				CLANG_WARN_INT_CONVERSION = YES;
				CLANG_WARN_OBJC_ROOT_CLASS = YES_ERROR;
				CLANG_WARN_SUSPICIOUS_MOVES = YES;
				CLANG_WARN_UNREACHABLE_CODE = YES;
				CLANG_WARN__DUPLICATE_METHOD_MATCH = YES;
				"CODE_SIGN_IDENTITY[sdk=iphoneos*]" = "iPhone Developer";
				COPY_PHASE_STRIP = NO;
				DEBUG_INFORMATION_FORMAT = "dwarf-with-dsym";
				ENABLE_NS_ASSERTIONS = NO;
				ENABLE_STRICT_OBJC_MSGSEND = YES;
				GCC_C_LANGUAGE_STANDARD = gnu99;
				GCC_NO_COMMON_BLOCKS = YES;
				GCC_WARN_64_TO_32_BIT_CONVERSION = YES;
				GCC_WARN_ABOUT_RETURN_TYPE = YES_ERROR;
				GCC_WARN_UNDECLARED_SELECTOR = YES;
				GCC_WARN_UNINITIALIZED_AUTOS = YES_AGGRESSIVE;
				GCC_WARN_UNUSED_FUNCTION = YES;
				GCC_WARN_UNUSED_VARIABLE = YES;
				IPHONEOS_DEPLOYMENT_TARGET = 8.0;
				MTL_ENABLE_DEBUG_INFO = NO;
				SDKROOT = iphoneos;
				TARGETED_DEVICE_FAMILY = "1,2";
				VALIDATE_PRODUCT = YES;
			};
			name = Release;
		};
		8095EA161DF6B6ED00E0F037 /* Debug */ = {
			isa = XCBuildConfiguration;
			buildSettings = {
				ASSETCATALOG_COMPILER_APPICON_NAME = AppIcon;
				DEVELOPMENT_TEAM = XJPMR8FRF3;
				INFOPLIST_FILE = ZYScaleHeaderDemo/Info.plist;
				LD_RUNPATH_SEARCH_PATHS = "$(inherited) @executable_path/Frameworks";
				PRODUCT_BUNDLE_IDENTIFIER = ren.yuxiang.ZYScaleHeaderDemo;
				PRODUCT_NAME = "$(TARGET_NAME)";
			};
			name = Debug;
		};
		8095EA171DF6B6ED00E0F037 /* Release */ = {
			isa = XCBuildConfiguration;
			buildSettings = {
				ASSETCATALOG_COMPILER_APPICON_NAME = AppIcon;
				DEVELOPMENT_TEAM = XJPMR8FRF3;
				INFOPLIST_FILE = ZYScaleHeaderDemo/Info.plist;
				LD_RUNPATH_SEARCH_PATHS = "$(inherited) @executable_path/Frameworks";
				PRODUCT_BUNDLE_IDENTIFIER = ren.yuxiang.ZYScaleHeaderDemo;
				PRODUCT_NAME = "$(TARGET_NAME)";
			};
			name = Release;
		};
/* End XCBuildConfiguration section */

/* Begin XCConfigurationList section */
		8095E9F91DF6B6ED00E0F037 /* Build configuration list for PBXProject "ZYScaleHeaderDemo" */ = {
			isa = XCConfigurationList;
			buildConfigurations = (
				8095EA131DF6B6ED00E0F037 /* Debug */,
				8095EA141DF6B6ED00E0F037 /* Release */,
			);
			defaultConfigurationIsVisible = 0;
			defaultConfigurationName = Release;
		};
		8095EA151DF6B6ED00E0F037 /* Build configuration list for PBXNativeTarget "ZYScaleHeaderDemo" */ = {
			isa = XCConfigurationList;
			buildConfigurations = (
				8095EA161DF6B6ED00E0F037 /* Debug */,
				8095EA171DF6B6ED00E0F037 /* Release */,
			);
			defaultConfigurationIsVisible = 0;
			defaultConfigurationName = Release;
		};
/* End XCConfigurationList section */
	};
	rootObject = 8095E9F61DF6B6ED00E0F037 /* Project object */;
}
